// !$*UTF8*$!
{
	archiveVersion = 1;
	classes = {
	};
	objectVersion = 55;
	objects = {

/* Begin PBXBuildFile section */
		8124CB38288E1DEE00F6B310 /* GilroyRegular.ttf in Resources */ = {isa = PBXBuildFile; fileRef = 8124CB37288E1DEE00F6B310 /* GilroyRegular.ttf */; };
		8124CB44288E343A00F6B310 /* AppearanceConfigurator.swift in Sources */ = {isa = PBXBuildFile; fileRef = 8124CB43288E343A00F6B310 /* AppearanceConfigurator.swift */; };
		8124CB46288E349A00F6B310 /* UIColor+CustomColors.swift in Sources */ = {isa = PBXBuildFile; fileRef = 8124CB45288E349A00F6B310 /* UIColor+CustomColors.swift */; };
		8142B2E3288D336000C1DFBC /* AppDelegate.swift in Sources */ = {isa = PBXBuildFile; fileRef = 8142B2E2288D336000C1DFBC /* AppDelegate.swift */; };
		8142B2E5288D336000C1DFBC /* SceneDelegate.swift in Sources */ = {isa = PBXBuildFile; fileRef = 8142B2E4288D336000C1DFBC /* SceneDelegate.swift */; };
		8142B2EA288D336000C1DFBC /* Main.storyboard in Resources */ = {isa = PBXBuildFile; fileRef = 8142B2E8288D336000C1DFBC /* Main.storyboard */; };
		8142B2EC288D336300C1DFBC /* Assets.xcassets in Resources */ = {isa = PBXBuildFile; fileRef = 8142B2EB288D336300C1DFBC /* Assets.xcassets */; };
		8142B2EF288D336300C1DFBC /* LaunchScreen.storyboard in Resources */ = {isa = PBXBuildFile; fileRef = 8142B2ED288D336300C1DFBC /* LaunchScreen.storyboard */; };
		8142B2F7288D400000C1DFBC /* WideCollectionViewCell.swift in Sources */ = {isa = PBXBuildFile; fileRef = 8142B2F6288D400000C1DFBC /* WideCollectionViewCell.swift */; };
		8142B2F9288D402A00C1DFBC /* SmallCollectionViewCell.swift in Sources */ = {isa = PBXBuildFile; fileRef = 8142B2F8288D402A00C1DFBC /* SmallCollectionViewCell.swift */; };
		8142B2FB288D40B700C1DFBC /* ExploreCollectionViewController.swift in Sources */ = {isa = PBXBuildFile; fileRef = 8142B2FA288D40B700C1DFBC /* ExploreCollectionViewController.swift */; };
		8142B2FD288D413D00C1DFBC /* Restaurant.swift in Sources */ = {isa = PBXBuildFile; fileRef = 8142B2FC288D413D00C1DFBC /* Restaurant.swift */; };
		8142B2FF288D41B700C1DFBC /* Price.swift in Sources */ = {isa = PBXBuildFile; fileRef = 8142B2FE288D41B700C1DFBC /* Price.swift */; };
		8142B301288D423F00C1DFBC /* DietaryRestrictionOptions.swift in Sources */ = {isa = PBXBuildFile; fileRef = 8142B300288D423F00C1DFBC /* DietaryRestrictionOptions.swift */; };
		8142B303288D49EF00C1DFBC /* DataManager.swift in Sources */ = {isa = PBXBuildFile; fileRef = 8142B302288D49EF00C1DFBC /* DataManager.swift */; };
		8142B309288D70BC00C1DFBC /* UIView+Blur.swift in Sources */ = {isa = PBXBuildFile; fileRef = 8142B308288D70BC00C1DFBC /* UIView+Blur.swift */; };
		8142B30B288D72CB00C1DFBC /* SectionHeaderCollectionReusableView.swift in Sources */ = {isa = PBXBuildFile; fileRef = 8142B30A288D72CB00C1DFBC /* SectionHeaderCollectionReusableView.swift */; };
		81F06225288D76AC00D18961 /* DietaryRestrictionOption.swift in Sources */ = {isa = PBXBuildFile; fileRef = 81F06224288D76AC00D18961 /* DietaryRestrictionOption.swift */; };
		81F0622D288D838D00D18961 /* DetailRestaurantViewController.swift in Sources */ = {isa = PBXBuildFile; fileRef = 81F0622C288D838D00D18961 /* DetailRestaurantViewController.swift */; };
		81F0622F288D859E00D18961 /* EmojiLabelCollectionViewCell.swift in Sources */ = {isa = PBXBuildFile; fileRef = 81F0622E288D859E00D18961 /* EmojiLabelCollectionViewCell.swift */; };
		81F06231288D8B9C00D18961 /* UICollectionViewCell+Stylize.swift in Sources */ = {isa = PBXBuildFile; fileRef = 81F06230288D8B9C00D18961 /* UICollectionViewCell+Stylize.swift */; };
		81F06233288D9CFA00D18961 /* SearchCollectionViewController.swift in Sources */ = {isa = PBXBuildFile; fileRef = 81F06232288D9CFA00D18961 /* SearchCollectionViewController.swift */; };
		81F06235288DC8B600D18961 /* FiltersCollectionViewController.swift in Sources */ = {isa = PBXBuildFile; fileRef = 81F06234288DC8B600D18961 /* FiltersCollectionViewController.swift */; };
		81F06237288DCA0000D18961 /* Filters.swift in Sources */ = {isa = PBXBuildFile; fileRef = 81F06236288DCA0000D18961 /* Filters.swift */; };
		81F06239288DCAD700D18961 /* Cuisine.swift in Sources */ = {isa = PBXBuildFile; fileRef = 81F06238288DCAD700D18961 /* Cuisine.swift */; };
		81F0623D288DD9E600D18961 /* SecondarySectionHeaderCollectionReusableView.swift in Sources */ = {isa = PBXBuildFile; fileRef = 81F0623C288DD9E600D18961 /* SecondarySectionHeaderCollectionReusableView.swift */; };
		81F0623F288DDFB200D18961 /* FilterCollectionViewCell.swift in Sources */ = {isa = PBXBuildFile; fileRef = 81F0623E288DDFB200D18961 /* FilterCollectionViewCell.swift */; };
		81F06241288E000400D18961 /* FavoritesCollectionViewController.swift in Sources */ = {isa = PBXBuildFile; fileRef = 81F06240288E000400D18961 /* FavoritesCollectionViewController.swift */; };
		81F06243288E0ACD00D18961 /* MapViewViewController.swift in Sources */ = {isa = PBXBuildFile; fileRef = 81F06242288E0ACD00D18961 /* MapViewViewController.swift */; };
/* End PBXBuildFile section */

/* Begin PBXFileReference section */
		8124CB37288E1DEE00F6B310 /* GilroyRegular.ttf */ = {isa = PBXFileReference; lastKnownFileType = file; path = GilroyRegular.ttf; sourceTree = "<group>"; };
		8124CB43288E343A00F6B310 /* AppearanceConfigurator.swift */ = {isa = PBXFileReference; lastKnownFileType = sourcecode.swift; path = AppearanceConfigurator.swift; sourceTree = "<group>"; };
		8124CB45288E349A00F6B310 /* UIColor+CustomColors.swift */ = {isa = PBXFileReference; lastKnownFileType = sourcecode.swift; path = "UIColor+CustomColors.swift"; sourceTree = "<group>"; };
		8142B2DF288D336000C1DFBC /* PlateFull.app */ = {isa = PBXFileReference; explicitFileType = wrapper.application; includeInIndex = 0; path = PlateFull.app; sourceTree = BUILT_PRODUCTS_DIR; };
		8142B2E2288D336000C1DFBC /* AppDelegate.swift */ = {isa = PBXFileReference; lastKnownFileType = sourcecode.swift; path = AppDelegate.swift; sourceTree = "<group>"; };
		8142B2E4288D336000C1DFBC /* SceneDelegate.swift */ = {isa = PBXFileReference; lastKnownFileType = sourcecode.swift; path = SceneDelegate.swift; sourceTree = "<group>"; };
		8142B2E9288D336000C1DFBC /* Base */ = {isa = PBXFileReference; lastKnownFileType = file.storyboard; name = Base; path = Base.lproj/Main.storyboard; sourceTree = "<group>"; };
		8142B2EB288D336300C1DFBC /* Assets.xcassets */ = {isa = PBXFileReference; lastKnownFileType = folder.assetcatalog; path = Assets.xcassets; sourceTree = "<group>"; };
		8142B2EE288D336300C1DFBC /* Base */ = {isa = PBXFileReference; lastKnownFileType = file.storyboard; name = Base; path = Base.lproj/LaunchScreen.storyboard; sourceTree = "<group>"; };
		8142B2F0288D336300C1DFBC /* Info.plist */ = {isa = PBXFileReference; lastKnownFileType = text.plist.xml; path = Info.plist; sourceTree = "<group>"; };
		8142B2F6288D400000C1DFBC /* WideCollectionViewCell.swift */ = {isa = PBXFileReference; lastKnownFileType = sourcecode.swift; path = WideCollectionViewCell.swift; sourceTree = "<group>"; };
		8142B2F8288D402A00C1DFBC /* SmallCollectionViewCell.swift */ = {isa = PBXFileReference; lastKnownFileType = sourcecode.swift; path = SmallCollectionViewCell.swift; sourceTree = "<group>"; };
		8142B2FA288D40B700C1DFBC /* ExploreCollectionViewController.swift */ = {isa = PBXFileReference; lastKnownFileType = sourcecode.swift; path = ExploreCollectionViewController.swift; sourceTree = "<group>"; };
		8142B2FC288D413D00C1DFBC /* Restaurant.swift */ = {isa = PBXFileReference; lastKnownFileType = sourcecode.swift; path = Restaurant.swift; sourceTree = "<group>"; };
		8142B2FE288D41B700C1DFBC /* Price.swift */ = {isa = PBXFileReference; lastKnownFileType = sourcecode.swift; path = Price.swift; sourceTree = "<group>"; };
		8142B300288D423F00C1DFBC /* DietaryRestrictionOptions.swift */ = {isa = PBXFileReference; lastKnownFileType = sourcecode.swift; path = DietaryRestrictionOptions.swift; sourceTree = "<group>"; };
		8142B302288D49EF00C1DFBC /* DataManager.swift */ = {isa = PBXFileReference; lastKnownFileType = sourcecode.swift; path = DataManager.swift; sourceTree = "<group>"; };
		8142B308288D70BC00C1DFBC /* UIView+Blur.swift */ = {isa = PBXFileReference; lastKnownFileType = sourcecode.swift; path = "UIView+Blur.swift"; sourceTree = "<group>"; };
		8142B30A288D72CB00C1DFBC /* SectionHeaderCollectionReusableView.swift */ = {isa = PBXFileReference; lastKnownFileType = sourcecode.swift; path = SectionHeaderCollectionReusableView.swift; sourceTree = "<group>"; };
		81F06224288D76AC00D18961 /* DietaryRestrictionOption.swift */ = {isa = PBXFileReference; lastKnownFileType = sourcecode.swift; path = DietaryRestrictionOption.swift; sourceTree = "<group>"; };
		81F0622C288D838D00D18961 /* DetailRestaurantViewController.swift */ = {isa = PBXFileReference; lastKnownFileType = sourcecode.swift; path = DetailRestaurantViewController.swift; sourceTree = "<group>"; };
		81F0622E288D859E00D18961 /* EmojiLabelCollectionViewCell.swift */ = {isa = PBXFileReference; lastKnownFileType = sourcecode.swift; path = EmojiLabelCollectionViewCell.swift; sourceTree = "<group>"; };
		81F06230288D8B9C00D18961 /* UICollectionViewCell+Stylize.swift */ = {isa = PBXFileReference; lastKnownFileType = sourcecode.swift; path = "UICollectionViewCell+Stylize.swift"; sourceTree = "<group>"; };
		81F06232288D9CFA00D18961 /* SearchCollectionViewController.swift */ = {isa = PBXFileReference; lastKnownFileType = sourcecode.swift; path = SearchCollectionViewController.swift; sourceTree = "<group>"; };
		81F06234288DC8B600D18961 /* FiltersCollectionViewController.swift */ = {isa = PBXFileReference; lastKnownFileType = sourcecode.swift; path = FiltersCollectionViewController.swift; sourceTree = "<group>"; };
		81F06236288DCA0000D18961 /* Filters.swift */ = {isa = PBXFileReference; lastKnownFileType = sourcecode.swift; path = Filters.swift; sourceTree = "<group>"; };
		81F06238288DCAD700D18961 /* Cuisine.swift */ = {isa = PBXFileReference; lastKnownFileType = sourcecode.swift; path = Cuisine.swift; sourceTree = "<group>"; };
		81F0623C288DD9E600D18961 /* SecondarySectionHeaderCollectionReusableView.swift */ = {isa = PBXFileReference; lastKnownFileType = sourcecode.swift; path = SecondarySectionHeaderCollectionReusableView.swift; sourceTree = "<group>"; };
		81F0623E288DDFB200D18961 /* FilterCollectionViewCell.swift */ = {isa = PBXFileReference; lastKnownFileType = sourcecode.swift; path = FilterCollectionViewCell.swift; sourceTree = "<group>"; };
		81F06240288E000400D18961 /* FavoritesCollectionViewController.swift */ = {isa = PBXFileReference; lastKnownFileType = sourcecode.swift; path = FavoritesCollectionViewController.swift; sourceTree = "<group>"; };
		81F06242288E0ACD00D18961 /* MapViewViewController.swift */ = {isa = PBXFileReference; lastKnownFileType = sourcecode.swift; path = MapViewViewController.swift; sourceTree = "<group>"; };
/* End PBXFileReference section */

/* Begin PBXFrameworksBuildPhase section */
		8142B2DC288D336000C1DFBC /* Frameworks */ = {
			isa = PBXFrameworksBuildPhase;
			buildActionMask = 2147483647;
			files = (
			);
			runOnlyForDeploymentPostprocessing = 0;
		};
/* End PBXFrameworksBuildPhase section */

/* Begin PBXGroup section */
		8124CB1E288E175400F6B310 /* Fonts */ = {
			isa = PBXGroup;
			children = (
				8124CB37288E1DEE00F6B310 /* GilroyRegular.ttf */,
			);
			path = Fonts;
			sourceTree = "<group>";
		};
		8124CB47288E376B00F6B310 /* DietaryRestrictions */ = {
			isa = PBXGroup;
			children = (
				81F06224288D76AC00D18961 /* DietaryRestrictionOption.swift */,
				8142B300288D423F00C1DFBC /* DietaryRestrictionOptions.swift */,
			);
			path = DietaryRestrictions;
			sourceTree = "<group>";
		};
		8124CB48288E37B200F6B310 /* SectionHeaders */ = {
			isa = PBXGroup;
			children = (
				8142B30A288D72CB00C1DFBC /* SectionHeaderCollectionReusableView.swift */,
				81F0623C288DD9E600D18961 /* SecondarySectionHeaderCollectionReusableView.swift */,
			);
			path = SectionHeaders;
			sourceTree = "<group>";
		};
		8142B2D6288D336000C1DFBC = {
			isa = PBXGroup;
			children = (
				8142B2E1288D336000C1DFBC /* PlateFull */,
				8142B2E0288D336000C1DFBC /* Products */,
			);
			sourceTree = "<group>";
		};
		8142B2E0288D336000C1DFBC /* Products */ = {
			isa = PBXGroup;
			children = (
				8142B2DF288D336000C1DFBC /* PlateFull.app */,
			);
			name = Products;
			sourceTree = "<group>";
		};
		8142B2E1288D336000C1DFBC /* PlateFull */ = {
			isa = PBXGroup;
			children = (
				81F06226288D7E6C00D18961 /* Models */,
				81F06227288D7E7700D18961 /* Views */,
				81F06228288D7E7C00D18961 /* Controllers */,
				81F06229288D7E8200D18961 /* Extensions */,
				81F0622B288D7EC300D18961 /* Service */,
				81F0622A288D7EA700D18961 /* Resources */,
				8142B2F0288D336300C1DFBC /* Info.plist */,
			);
			path = PlateFull;
			sourceTree = "<group>";
		};
		81F06226288D7E6C00D18961 /* Models */ = {
			isa = PBXGroup;
			children = (
				8142B2FC288D413D00C1DFBC /* Restaurant.swift */,
				81F06238288DCAD700D18961 /* Cuisine.swift */,
				8142B2FE288D41B700C1DFBC /* Price.swift */,
				8124CB47288E376B00F6B310 /* DietaryRestrictions */,
				81F06236288DCA0000D18961 /* Filters.swift */,
			);
			path = Models;
			sourceTree = "<group>";
		};
		81F06227288D7E7700D18961 /* Views */ = {
			isa = PBXGroup;
			children = (
				8124CB48288E37B200F6B310 /* SectionHeaders */,
				8142B2F8288D402A00C1DFBC /* SmallCollectionViewCell.swift */,
				8142B2F6288D400000C1DFBC /* WideCollectionViewCell.swift */,
				81F0623E288DDFB200D18961 /* FilterCollectionViewCell.swift */,
				81F0622E288D859E00D18961 /* EmojiLabelCollectionViewCell.swift */,
			);
			path = Views;
			sourceTree = "<group>";
		};
		81F06228288D7E7C00D18961 /* Controllers */ = {
			isa = PBXGroup;
			children = (
				8142B2FA288D40B700C1DFBC /* ExploreCollectionViewController.swift */,
				81F0622C288D838D00D18961 /* DetailRestaurantViewController.swift */,
				81F06232288D9CFA00D18961 /* SearchCollectionViewController.swift */,
				81F06234288DC8B600D18961 /* FiltersCollectionViewController.swift */,
				81F06240288E000400D18961 /* FavoritesCollectionViewController.swift */,
				81F06242288E0ACD00D18961 /* MapViewViewController.swift */,
			);
			path = Controllers;
			sourceTree = "<group>";
		};
		81F06229288D7E8200D18961 /* Extensions */ = {
			isa = PBXGroup;
			children = (
				8142B308288D70BC00C1DFBC /* UIView+Blur.swift */,
				81F06230288D8B9C00D18961 /* UICollectionViewCell+Stylize.swift */,
				8124CB45288E349A00F6B310 /* UIColor+CustomColors.swift */,
			);
			path = Extensions;
			sourceTree = "<group>";
		};
		81F0622A288D7EA700D18961 /* Resources */ = {
			isa = PBXGroup;
			children = (
				8142B2EB288D336300C1DFBC /* Assets.xcassets */,
				8142B2E2288D336000C1DFBC /* AppDelegate.swift */,
				8142B2E4288D336000C1DFBC /* SceneDelegate.swift */,
				8142B2ED288D336300C1DFBC /* LaunchScreen.storyboard */,
				8142B2E8288D336000C1DFBC /* Main.storyboard */,
				8124CB1E288E175400F6B310 /* Fonts */,
			);
			path = Resources;
			sourceTree = "<group>";
		};
		81F0622B288D7EC300D18961 /* Service */ = {
			isa = PBXGroup;
			children = (
				8142B302288D49EF00C1DFBC /* DataManager.swift */,
				8124CB43288E343A00F6B310 /* AppearanceConfigurator.swift */,
			);
			path = Service;
			sourceTree = "<group>";
		};
/* End PBXGroup section */

/* Begin PBXNativeTarget section */
		8142B2DE288D336000C1DFBC /* PlateFull */ = {
			isa = PBXNativeTarget;
			buildConfigurationList = 8142B2F3288D336300C1DFBC /* Build configuration list for PBXNativeTarget "PlateFull" */;
			buildPhases = (
				8142B2DB288D336000C1DFBC /* Sources */,
				8142B2DC288D336000C1DFBC /* Frameworks */,
				8142B2DD288D336000C1DFBC /* Resources */,
			);
			buildRules = (
			);
			dependencies = (
			);
			name = PlateFull;
			productName = PlateFull;
			productReference = 8142B2DF288D336000C1DFBC /* PlateFull.app */;
			productType = "com.apple.product-type.application";
		};
/* End PBXNativeTarget section */

/* Begin PBXProject section */
		8142B2D7288D336000C1DFBC /* Project object */ = {
			isa = PBXProject;
			attributes = {
				BuildIndependentTargetsInParallel = 1;
				LastSwiftUpdateCheck = 1340;
				LastUpgradeCheck = 1340;
				TargetAttributes = {
					8142B2DE288D336000C1DFBC = {
						CreatedOnToolsVersion = 13.4.1;
					};
				};
			};
			buildConfigurationList = 8142B2DA288D336000C1DFBC /* Build configuration list for PBXProject "PlateFull" */;
			compatibilityVersion = "Xcode 13.0";
			developmentRegion = en;
			hasScannedForEncodings = 0;
			knownRegions = (
				en,
				Base,
			);
			mainGroup = 8142B2D6288D336000C1DFBC;
			productRefGroup = 8142B2E0288D336000C1DFBC /* Products */;
			projectDirPath = "";
			projectRoot = "";
			targets = (
				8142B2DE288D336000C1DFBC /* PlateFull */,
			);
		};
/* End PBXProject section */

/* Begin PBXResourcesBuildPhase section */
		8142B2DD288D336000C1DFBC /* Resources */ = {
			isa = PBXResourcesBuildPhase;
			buildActionMask = 2147483647;
			files = (
				8142B2EF288D336300C1DFBC /* LaunchScreen.storyboard in Resources */,
				8142B2EC288D336300C1DFBC /* Assets.xcassets in Resources */,
				8142B2EA288D336000C1DFBC /* Main.storyboard in Resources */,
				8124CB38288E1DEE00F6B310 /* GilroyRegular.ttf in Resources */,
			);
			runOnlyForDeploymentPostprocessing = 0;
		};
/* End PBXResourcesBuildPhase section */

/* Begin PBXSourcesBuildPhase section */
		8142B2DB288D336000C1DFBC /* Sources */ = {
			isa = PBXSourcesBuildPhase;
			buildActionMask = 2147483647;
			files = (
				81F06233288D9CFA00D18961 /* SearchCollectionViewController.swift in Sources */,
				81F0623D288DD9E600D18961 /* SecondarySectionHeaderCollectionReusableView.swift in Sources */,
				8124CB44288E343A00F6B310 /* AppearanceConfigurator.swift in Sources */,
				8142B2F9288D402A00C1DFBC /* SmallCollectionViewCell.swift in Sources */,
				8142B2FF288D41B700C1DFBC /* Price.swift in Sources */,
				81F0623F288DDFB200D18961 /* FilterCollectionViewCell.swift in Sources */,
				81F06231288D8B9C00D18961 /* UICollectionViewCell+Stylize.swift in Sources */,
				8142B2E3288D336000C1DFBC /* AppDelegate.swift in Sources */,
				8142B301288D423F00C1DFBC /* DietaryRestrictionOptions.swift in Sources */,
				8142B2FD288D413D00C1DFBC /* Restaurant.swift in Sources */,
				8142B2FB288D40B700C1DFBC /* ExploreCollectionViewController.swift in Sources */,
				81F0622D288D838D00D18961 /* DetailRestaurantViewController.swift in Sources */,
				81F0622F288D859E00D18961 /* EmojiLabelCollectionViewCell.swift in Sources */,
				81F06241288E000400D18961 /* FavoritesCollectionViewController.swift in Sources */,
				8142B2E5288D336000C1DFBC /* SceneDelegate.swift in Sources */,
				81F06225288D76AC00D18961 /* DietaryRestrictionOption.swift in Sources */,
				8124CB46288E349A00F6B310 /* UIColor+CustomColors.swift in Sources */,
				81F06235288DC8B600D18961 /* FiltersCollectionViewController.swift in Sources */,
				8142B309288D70BC00C1DFBC /* UIView+Blur.swift in Sources */,
				8142B30B288D72CB00C1DFBC /* SectionHeaderCollectionReusableView.swift in Sources */,
				81F06243288E0ACD00D18961 /* MapViewViewController.swift in Sources */,
				81F06237288DCA0000D18961 /* Filters.swift in Sources */,
				8142B303288D49EF00C1DFBC /* DataManager.swift in Sources */,
				8142B2F7288D400000C1DFBC /* WideCollectionViewCell.swift in Sources */,
				81F06239288DCAD700D18961 /* Cuisine.swift in Sources */,
			);
			runOnlyForDeploymentPostprocessing = 0;
		};
/* End PBXSourcesBuildPhase section */

/* Begin PBXVariantGroup section */
		8142B2E8288D336000C1DFBC /* Main.storyboard */ = {
			isa = PBXVariantGroup;
			children = (
				8142B2E9288D336000C1DFBC /* Base */,
			);
			name = Main.storyboard;
			sourceTree = "<group>";
		};
		8142B2ED288D336300C1DFBC /* LaunchScreen.storyboard */ = {
			isa = PBXVariantGroup;
			children = (
				8142B2EE288D336300C1DFBC /* Base */,
			);
			name = LaunchScreen.storyboard;
			sourceTree = "<group>";
		};
/* End PBXVariantGroup section */

/* Begin XCBuildConfiguration section */
		8142B2F1288D336300C1DFBC /* Debug */ = {
			isa = XCBuildConfiguration;
			buildSettings = {
				ALWAYS_SEARCH_USER_PATHS = NO;
				CLANG_ANALYZER_NONNULL = YES;
				CLANG_ANALYZER_NUMBER_OBJECT_CONVERSION = YES_AGGRESSIVE;
				CLANG_CXX_LANGUAGE_STANDARD = "gnu++17";
				CLANG_ENABLE_MODULES = YES;
				CLANG_ENABLE_OBJC_ARC = YES;
				CLANG_ENABLE_OBJC_WEAK = YES;
				CLANG_WARN_BLOCK_CAPTURE_AUTORELEASING = YES;
				CLANG_WARN_BOOL_CONVERSION = YES;
				CLANG_WARN_COMMA = YES;
				CLANG_WARN_CONSTANT_CONVERSION = YES;
				CLANG_WARN_DEPRECATED_OBJC_IMPLEMENTATIONS = YES;
				CLANG_WARN_DIRECT_OBJC_ISA_USAGE = YES_ERROR;
				CLANG_WARN_DOCUMENTATION_COMMENTS = YES;
				CLANG_WARN_EMPTY_BODY = YES;
				CLANG_WARN_ENUM_CONVERSION = YES;
				CLANG_WARN_INFINITE_RECURSION = YES;
				CLANG_WARN_INT_CONVERSION = YES;
				CLANG_WARN_NON_LITERAL_NULL_CONVERSION = YES;
				CLANG_WARN_OBJC_IMPLICIT_RETAIN_SELF = YES;
				CLANG_WARN_OBJC_LITERAL_CONVERSION = YES;
				CLANG_WARN_OBJC_ROOT_CLASS = YES_ERROR;
				CLANG_WARN_QUOTED_INCLUDE_IN_FRAMEWORK_HEADER = YES;
				CLANG_WARN_RANGE_LOOP_ANALYSIS = YES;
				CLANG_WARN_STRICT_PROTOTYPES = YES;
				CLANG_WARN_SUSPICIOUS_MOVE = YES;
				CLANG_WARN_UNGUARDED_AVAILABILITY = YES_AGGRESSIVE;
				CLANG_WARN_UNREACHABLE_CODE = YES;
				CLANG_WARN__DUPLICATE_METHOD_MATCH = YES;
				COPY_PHASE_STRIP = NO;
				DEBUG_INFORMATION_FORMAT = dwarf;
				ENABLE_STRICT_OBJC_MSGSEND = YES;
				ENABLE_TESTABILITY = YES;
				GCC_C_LANGUAGE_STANDARD = gnu11;
				GCC_DYNAMIC_NO_PIC = NO;
				GCC_NO_COMMON_BLOCKS = YES;
				GCC_OPTIMIZATION_LEVEL = 0;
				GCC_PREPROCESSOR_DEFINITIONS = (
					"DEBUG=1",
					"$(inherited)",
				);
				GCC_WARN_64_TO_32_BIT_CONVERSION = YES;
				GCC_WARN_ABOUT_RETURN_TYPE = YES_ERROR;
				GCC_WARN_UNDECLARED_SELECTOR = YES;
				GCC_WARN_UNINITIALIZED_AUTOS = YES_AGGRESSIVE;
				GCC_WARN_UNUSED_FUNCTION = YES;
				GCC_WARN_UNUSED_VARIABLE = YES;
				IPHONEOS_DEPLOYMENT_TARGET = 15.5;
				MTL_ENABLE_DEBUG_INFO = INCLUDE_SOURCE;
				MTL_FAST_MATH = YES;
				ONLY_ACTIVE_ARCH = YES;
				SDKROOT = iphoneos;
				SWIFT_ACTIVE_COMPILATION_CONDITIONS = DEBUG;
				SWIFT_OPTIMIZATION_LEVEL = "-Onone";
			};
			name = Debug;
		};
		8142B2F2288D336300C1DFBC /* Release */ = {
			isa = XCBuildConfiguration;
			buildSettings = {
				ALWAYS_SEARCH_USER_PATHS = NO;
				CLANG_ANALYZER_NONNULL = YES;
				CLANG_ANALYZER_NUMBER_OBJECT_CONVERSION = YES_AGGRESSIVE;
				CLANG_CXX_LANGUAGE_STANDARD = "gnu++17";
				CLANG_ENABLE_MODULES = YES;
				CLANG_ENABLE_OBJC_ARC = YES;
				CLANG_ENABLE_OBJC_WEAK = YES;
				CLANG_WARN_BLOCK_CAPTURE_AUTORELEASING = YES;
				CLANG_WARN_BOOL_CONVERSION = YES;
				CLANG_WARN_COMMA = YES;
				CLANG_WARN_CONSTANT_CONVERSION = YES;
				CLANG_WARN_DEPRECATED_OBJC_IMPLEMENTATIONS = YES;
				CLANG_WARN_DIRECT_OBJC_ISA_USAGE = YES_ERROR;
				CLANG_WARN_DOCUMENTATION_COMMENTS = YES;
				CLANG_WARN_EMPTY_BODY = YES;
				CLANG_WARN_ENUM_CONVERSION = YES;
				CLANG_WARN_INFINITE_RECURSION = YES;
				CLANG_WARN_INT_CONVERSION = YES;
				CLANG_WARN_NON_LITERAL_NULL_CONVERSION = YES;
				CLANG_WARN_OBJC_IMPLICIT_RETAIN_SELF = YES;
				CLANG_WARN_OBJC_LITERAL_CONVERSION = YES;
				CLANG_WARN_OBJC_ROOT_CLASS = YES_ERROR;
				CLANG_WARN_QUOTED_INCLUDE_IN_FRAMEWORK_HEADER = YES;
				CLANG_WARN_RANGE_LOOP_ANALYSIS = YES;
				CLANG_WARN_STRICT_PROTOTYPES = YES;
				CLANG_WARN_SUSPICIOUS_MOVE = YES;
				CLANG_WARN_UNGUARDED_AVAILABILITY = YES_AGGRESSIVE;
				CLANG_WARN_UNREACHABLE_CODE = YES;
				CLANG_WARN__DUPLICATE_METHOD_MATCH = YES;
				COPY_PHASE_STRIP = NO;
				DEBUG_INFORMATION_FORMAT = "dwarf-with-dsym";
				ENABLE_NS_ASSERTIONS = NO;
				ENABLE_STRICT_OBJC_MSGSEND = YES;
				GCC_C_LANGUAGE_STANDARD = gnu11;
				GCC_NO_COMMON_BLOCKS = YES;
				GCC_WARN_64_TO_32_BIT_CONVERSION = YES;
				GCC_WARN_ABOUT_RETURN_TYPE = YES_ERROR;
				GCC_WARN_UNDECLARED_SELECTOR = YES;
				GCC_WARN_UNINITIALIZED_AUTOS = YES_AGGRESSIVE;
				GCC_WARN_UNUSED_FUNCTION = YES;
				GCC_WARN_UNUSED_VARIABLE = YES;
				IPHONEOS_DEPLOYMENT_TARGET = 15.5;
				MTL_ENABLE_DEBUG_INFO = NO;
				MTL_FAST_MATH = YES;
				SDKROOT = iphoneos;
				SWIFT_COMPILATION_MODE = wholemodule;
				SWIFT_OPTIMIZATION_LEVEL = "-O";
				VALIDATE_PRODUCT = YES;
			};
			name = Release;
		};
		8142B2F4288D336300C1DFBC /* Debug */ = {
			isa = XCBuildConfiguration;
			buildSettings = {
				ASSETCATALOG_COMPILER_APPICON_NAME = AppIcon;
				ASSETCATALOG_COMPILER_GLOBAL_ACCENT_COLOR_NAME = AccentColor;
				CODE_SIGN_STYLE = Automatic;
				CURRENT_PROJECT_VERSION = 1;
				DEVELOPMENT_TEAM = DMGDMWN2WN;
				GENERATE_INFOPLIST_FILE = YES;
				INFOPLIST_FILE = PlateFull/Info.plist;
				INFOPLIST_KEY_UIApplicationSupportsIndirectInputEvents = YES;
				INFOPLIST_KEY_UILaunchStoryboardName = LaunchScreen;
				INFOPLIST_KEY_UIMainStoryboardFile = Main;
				INFOPLIST_KEY_UIStatusBarStyle = "";
				INFOPLIST_KEY_UISupportedInterfaceOrientations_iPad = "UIInterfaceOrientationPortrait UIInterfaceOrientationPortraitUpsideDown UIInterfaceOrientationLandscapeLeft UIInterfaceOrientationLandscapeRight";
				INFOPLIST_KEY_UISupportedInterfaceOrientations_iPhone = "UIInterfaceOrientationPortrait UIInterfaceOrientationLandscapeLeft UIInterfaceOrientationLandscapeRight";
				INFOPLIST_KEY_UIUserInterfaceStyle = Light;
				IPHONEOS_DEPLOYMENT_TARGET = 15.0;
				LD_RUNPATH_SEARCH_PATHS = (
					"$(inherited)",
					"@executable_path/Frameworks",
				);
				MARKETING_VERSION = 0.1.0;
				PRODUCT_BUNDLE_IDENTIFIER = trofimpetyanov.PlateFull;
				PRODUCT_NAME = "$(TARGET_NAME)";
				SWIFT_EMIT_LOC_STRINGS = YES;
				SWIFT_VERSION = 5.0;
				TARGETED_DEVICE_FAMILY = 1;
			};
			name = Debug;
		};
		8142B2F5288D336300C1DFBC /* Release */ = {
			isa = XCBuildConfiguration;
			buildSettings = {
				ASSETCATALOG_COMPILER_APPICON_NAME = AppIcon;
				ASSETCATALOG_COMPILER_GLOBAL_ACCENT_COLOR_NAME = AccentColor;
				CODE_SIGN_STYLE = Automatic;
				CURRENT_PROJECT_VERSION = 1;
				DEVELOPMENT_TEAM = DMGDMWN2WN;
				GENERATE_INFOPLIST_FILE = YES;
				INFOPLIST_FILE = PlateFull/Info.plist;
				INFOPLIST_KEY_UIApplicationSupportsIndirectInputEvents = YES;
				INFOPLIST_KEY_UILaunchStoryboardName = LaunchScreen;
				INFOPLIST_KEY_UIMainStoryboardFile = Main;
				INFOPLIST_KEY_UIStatusBarStyle = "";
				INFOPLIST_KEY_UISupportedInterfaceOrientations_iPad = "UIInterfaceOrientationPortrait UIInterfaceOrientationPortraitUpsideDown UIInterfaceOrientationLandscapeLeft UIInterfaceOrientationLandscapeRight";
				INFOPLIST_KEY_UISupportedInterfaceOrientations_iPhone = "UIInterfaceOrientationPortrait UIInterfaceOrientationLandscapeLeft UIInterfaceOrientationLandscapeRight";
				INFOPLIST_KEY_UIUserInterfaceStyle = Light;
				IPHONEOS_DEPLOYMENT_TARGET = 15.0;
				LD_RUNPATH_SEARCH_PATHS = (
					"$(inherited)",
					"@executable_path/Frameworks",
				);
				MARKETING_VERSION = 0.1.0;
				PRODUCT_BUNDLE_IDENTIFIER = trofimpetyanov.PlateFull;
				PRODUCT_NAME = "$(TARGET_NAME)";
				SWIFT_EMIT_LOC_STRINGS = YES;
				SWIFT_VERSION = 5.0;
				TARGETED_DEVICE_FAMILY = 1;
			};
			name = Release;
		};
/* End XCBuildConfiguration section */

/* Begin XCConfigurationList section */
		8142B2DA288D336000C1DFBC /* Build configuration list for PBXProject "PlateFull" */ = {
			isa = XCConfigurationList;
			buildConfigurations = (
				8142B2F1288D336300C1DFBC /* Debug */,
				8142B2F2288D336300C1DFBC /* Release */,
			);
			defaultConfigurationIsVisible = 0;
			defaultConfigurationName = Release;
		};
		8142B2F3288D336300C1DFBC /* Build configuration list for PBXNativeTarget "PlateFull" */ = {
			isa = XCConfigurationList;
			buildConfigurations = (
				8142B2F4288D336300C1DFBC /* Debug */,
				8142B2F5288D336300C1DFBC /* Release */,
			);
			defaultConfigurationIsVisible = 0;
			defaultConfigurationName = Release;
		};
/* End XCConfigurationList section */
	};
	rootObject = 8142B2D7288D336000C1DFBC /* Project object */;
}
